
Microsoft Visual Studio Solution File, Format Version 12.00
# Visual Studio Version 17
VisualStudioVersion = 17.4.33122.133
MinimumVisualStudioVersion = 10.0.40219.1
Project("{9A19103F-16F7-4668-BE54-9A1E7A4F7556}") = "xplatform", "xplatform\xplatform.csproj", "{736545FD-6DE0-4085-973E-FF0F860E0232}"
EndProject
Project("{9A19103F-16F7-4668-BE54-9A1E7A4F7556}") = "CommonLib", "CommonLib\CommonLib.csproj", "{E82AC312-D557-43FC-89D9-928F0D14737B}"
EndProject
Project("{9A19103F-16F7-4668-BE54-9A1E7A4F7556}") = "PriceUpdater", "PriceUpdater\PriceUpdater.csproj", "{C3C182D5-44C3-4E2E-A94F-26EC5DB2C0C6}"
EndProject
Global
	GlobalSection(SolutionConfigurationPlatforms) = preSolution
		Debug|Any CPU = Debug|Any CPU
		Release|Any CPU = Release|Any CPU
	EndGlobalSection
	GlobalSection(ProjectConfigurationPlatforms) = postSolution
		{736545FD-6DE0-4085-973E-FF0F860E0232}.Debug|Any CPU.ActiveCfg = Debug|Any CPU
		{736545FD-6DE0-4085-973E-FF0F860E0232}.Debug|Any CPU.Build.0 = Debug|Any CPU
		{736545FD-6DE0-4085-973E-FF0F860E0232}.Release|Any CPU.ActiveCfg = Release|Any CPU
		{736545FD-6DE0-4085-973E-FF0F860E0232}.Release|Any CPU.Build.0 = Release|Any CPU
		{E82AC312-D557-43FC-89D9-928F0D14737B}.Debug|Any CPU.ActiveCfg = Debug|Any CPU
		{E82AC312-D557-43FC-89D9-928F0D14737B}.Debug|Any CPU.Build.0 = Debug|Any CPU
		{E82AC312-D557-43FC-89D9-928F0D14737B}.Release|Any CPU.ActiveCfg = Release|Any CPU
		{E82AC312-D557-43FC-89D9-928F0D14737B}.Release|Any CPU.Build.0 = Release|Any CPU
		{C3C182D5-44C3-4E2E-A94F-26EC5DB2C0C6}.Debug|Any CPU.ActiveCfg = Debug|Any CPU
		{C3C182D5-44C3-4E2E-A94F-26EC5DB2C0C6}.Debug|Any CPU.Build.0 = Debug|Any CPU
		{C3C182D5-44C3-4E2E-A94F-26EC5DB2C0C6}.Release|Any CPU.ActiveCfg = Release|Any CPU
		{C3C182D5-44C3-4E2E-A94F-26EC5DB2C0C6}.Release|Any CPU.Build.0 = Release|Any CPU
	EndGlobalSection
	GlobalSection(SolutionProperties) = preSolution
		HideSolutionNode = FALSE
	EndGlobalSection
	GlobalSection(ExtensibilityGlobals) = postSolution
		SolutionGuid = {D1265A4A-88DD-4EDE-861C-2B4CCA99FB46}
	EndGlobalSection
EndGlobal
